
Microsoft Visual Studio Solution File, Format Version 12.00
# Visual Studio Version 16
VisualStudioVersion = 16.0.31402.337
MinimumVisualStudioVersion = 10.0.40219.1
Project("{FAE04EC0-301F-11D3-BF4B-00C04F79EFBC}") = "EmplooyeesAPI", "EmplooyeesAPI.csproj", "{3DCF7774-A02B-4C09-9892-0EAA11306981}"
EndProject
Global
	GlobalSection(SolutionConfigurationPlatforms) = preSolution
		Debug|Any CPU = Debug|Any CPU
		Release|Any CPU = Release|Any CPU
	EndGlobalSection
	GlobalSection(ProjectConfigurationPlatforms) = postSolution
		{3DCF7774-A02B-4C09-9892-0EAA11306981}.Debug|Any CPU.ActiveCfg = Debug|Any CPU
		{3DCF7774-A02B-4C09-9892-0EAA11306981}.Debug|Any CPU.Build.0 = Debug|Any CPU
		{3DCF7774-A02B-4C09-9892-0EAA11306981}.Release|Any CPU.ActiveCfg = Release|Any CPU
		{3DCF7774-A02B-4C09-9892-0EAA11306981}.Release|Any CPU.Build.0 = Release|Any CPU
	EndGlobalSection
	GlobalSection(SolutionProperties) = preSolution
		HideSolutionNode = FALSE
	EndGlobalSection
	GlobalSection(ExtensibilityGlobals) = postSolution
		SolutionGuid = {5A640360-44C0-4EC7-8E07-7CF816ADE917}
	EndGlobalSection
EndGlobal
